<Solution>
  <Folder Name="/examples/">
    <Project Path="examples/Playwright.CloakBrowser.Community.Examples/Playwright.CloakBrowser.Community.Examples.csproj" />
  </Folder>
  <Folder Name="/src/">
    <Project Path="src/Playwright.CloakBrowser.Community/Playwright.CloakBrowser.Community.csproj" />
  </Folder>
  <Folder Name="/tests/">
    <Project Path="tests/Playwright.CloakBrowser.Community.Tests/Playwright.CloakBrowser.Community.Tests.csproj" />
  </Folder>
</Solution>
